// !$*UTF8*$!
{
	archiveVersion = 1;
	classes = {
	};
	objectVersion = 56;
	objects = {

/* Begin PBXBuildFile section */
		A648B0042BB7B9CF00549AE8 /* EssentialFeedAPI.framework in Frameworks */ = {isa = PBXBuildFile; fileRef = A648B0032BB7B9CF00549AE8 /* EssentialFeedAPI.framework */; };
		A648B0052BB7B9CF00549AE8 /* EssentialFeedAPI.framework in Embed Frameworks */ = {isa = PBXBuildFile; fileRef = A648B0032BB7B9CF00549AE8 /* EssentialFeedAPI.framework */; settings = {ATTRIBUTES = (CodeSignOnCopy, RemoveHeadersOnCopy, ); }; };
		A648B05C2BB7BFBC00549AE8 /* EssentialFeedCache.framework in Frameworks */ = {isa = PBXBuildFile; fileRef = A648B05A2BB7BFBC00549AE8 /* EssentialFeedCache.framework */; };
		A648B05D2BB7BFBC00549AE8 /* EssentialFeedCache.framework in Embed Frameworks */ = {isa = PBXBuildFile; fileRef = A648B05A2BB7BFBC00549AE8 /* EssentialFeedCache.framework */; settings = {ATTRIBUTES = (CodeSignOnCopy, RemoveHeadersOnCopy, ); }; };
		A648B05E2BB7BFBC00549AE8 /* EssentialFeedCacheInfrastructure.framework in Frameworks */ = {isa = PBXBuildFile; fileRef = A648B05B2BB7BFBC00549AE8 /* EssentialFeedCacheInfrastructure.framework */; };
		A648B05F2BB7BFBC00549AE8 /* EssentialFeedCacheInfrastructure.framework in Embed Frameworks */ = {isa = PBXBuildFile; fileRef = A648B05B2BB7BFBC00549AE8 /* EssentialFeedCacheInfrastructure.framework */; settings = {ATTRIBUTES = (CodeSignOnCopy, RemoveHeadersOnCopy, ); }; };
		A66EADBA2BB4F4B8000B73D0 /* FeedAcceptanceTests.swift in Sources */ = {isa = PBXBuildFile; fileRef = A66EADB92BB4F4B8000B73D0 /* FeedAcceptanceTests.swift */; };
		A66EADBC2BB4F530000B73D0 /* SceneDelegateTests.swift in Sources */ = {isa = PBXBuildFile; fileRef = A66EADBB2BB4F530000B73D0 /* SceneDelegateTests.swift */; };
		A6AA570C2BB3B22C000FA2C6 /* MainQueueDispatchDecorator.swift in Sources */ = {isa = PBXBuildFile; fileRef = A6AA57022BB3B194000FA2C6 /* MainQueueDispatchDecorator.swift */; };
		A6AA570D2BB3B22C000FA2C6 /* WeakRefVirtualProxy.swift in Sources */ = {isa = PBXBuildFile; fileRef = A6AA57012BB3B194000FA2C6 /* WeakRefVirtualProxy.swift */; };
		A6AA570E2BB3B22C000FA2C6 /* FeedUIComposer.swift in Sources */ = {isa = PBXBuildFile; fileRef = A6AA57002BB3B194000FA2C6 /* FeedUIComposer.swift */; };
		A6AA570F2BB3B22C000FA2C6 /* FeedViewAdapter.swift in Sources */ = {isa = PBXBuildFile; fileRef = A6AA57032BB3B194000FA2C6 /* FeedViewAdapter.swift */; };
		A6AA57102BB3B22C000FA2C6 /* FeedImageDataLoaderPresentationAdapter.swift in Sources */ = {isa = PBXBuildFile; fileRef = A6AA57042BB3B194000FA2C6 /* FeedImageDataLoaderPresentationAdapter.swift */; };
		A6AA57112BB3B22C000FA2C6 /* FeedLoaderPresentationAdapter.swift in Sources */ = {isa = PBXBuildFile; fileRef = A6AA57052BB3B194000FA2C6 /* FeedLoaderPresentationAdapter.swift */; };
		A6AA57222BB3B467000FA2C6 /* UIImage+TestHelpers.swift in Sources */ = {isa = PBXBuildFile; fileRef = A6AA571A2BB3B44F000FA2C6 /* UIImage+TestHelpers.swift */; };
		A6AA57232BB3B467000FA2C6 /* FeedUIIntegrationTests.swift in Sources */ = {isa = PBXBuildFile; fileRef = A6AA57202BB3B44F000FA2C6 /* FeedUIIntegrationTests.swift */; };
		A6AA57242BB3B467000FA2C6 /* FeedUIIntegrationTests+localization.swift in Sources */ = {isa = PBXBuildFile; fileRef = A6AA57162BB3B44F000FA2C6 /* FeedUIIntegrationTests+localization.swift */; };
		A6AA57252BB3B467000FA2C6 /* UIControl+TestHelpers.swift in Sources */ = {isa = PBXBuildFile; fileRef = A6AA571C2BB3B44F000FA2C6 /* UIControl+TestHelpers.swift */; };
		A6AA57262BB3B467000FA2C6 /* FeedUIIntegrationTests+LoaderSpy.swift in Sources */ = {isa = PBXBuildFile; fileRef = A6AA571D2BB3B44F000FA2C6 /* FeedUIIntegrationTests+LoaderSpy.swift */; };
		A6AA57272BB3B467000FA2C6 /* FeedViewController+TestHelpers.swift in Sources */ = {isa = PBXBuildFile; fileRef = A6AA57192BB3B44F000FA2C6 /* FeedViewController+TestHelpers.swift */; };
		A6AA57282BB3B467000FA2C6 /* FeedUIIntegrationTests+Assertion.swift in Sources */ = {isa = PBXBuildFile; fileRef = A6AA571E2BB3B44F000FA2C6 /* FeedUIIntegrationTests+Assertion.swift */; };
		A6AA57292BB3B467000FA2C6 /* UIRefreshControl+TestHelpers.swift in Sources */ = {isa = PBXBuildFile; fileRef = A6AA57182BB3B44F000FA2C6 /* UIRefreshControl+TestHelpers.swift */; };
		A6AA572A2BB3B467000FA2C6 /* FeedImageCell+TestHelpers.swift in Sources */ = {isa = PBXBuildFile; fileRef = A6AA57172BB3B44F000FA2C6 /* FeedImageCell+TestHelpers.swift */; };
		A6AA572B2BB3B467000FA2C6 /* UIButton+TestHelpers.swift in Sources */ = {isa = PBXBuildFile; fileRef = A6AA571B2BB3B44F000FA2C6 /* UIButton+TestHelpers.swift */; };
		A6DCF2D02BAD1163006AA91A /* AppDelegate.swift in Sources */ = {isa = PBXBuildFile; fileRef = A6DCF2CF2BAD1163006AA91A /* AppDelegate.swift */; };
		A6DCF2D22BAD1163006AA91A /* SceneDelegate.swift in Sources */ = {isa = PBXBuildFile; fileRef = A6DCF2D12BAD1163006AA91A /* SceneDelegate.swift */; };
		A6DCF2D42BAD1163006AA91A /* ViewController.swift in Sources */ = {isa = PBXBuildFile; fileRef = A6DCF2D32BAD1163006AA91A /* ViewController.swift */; };
		A6DCF2D72BAD1163006AA91A /* Main.storyboard in Resources */ = {isa = PBXBuildFile; fileRef = A6DCF2D52BAD1163006AA91A /* Main.storyboard */; };
		A6DCF2D92BAD1164006AA91A /* Assets.xcassets in Resources */ = {isa = PBXBuildFile; fileRef = A6DCF2D82BAD1164006AA91A /* Assets.xcassets */; };
		A6DCF2DC2BAD1164006AA91A /* LaunchScreen.storyboard in Resources */ = {isa = PBXBuildFile; fileRef = A6DCF2DA2BAD1164006AA91A /* LaunchScreen.storyboard */; };
		A6DCF3022BAD1296006AA91A /* EssentialFeed.framework in Frameworks */ = {isa = PBXBuildFile; fileRef = A6DCF3002BAD1296006AA91A /* EssentialFeed.framework */; };
		A6DCF3032BAD1296006AA91A /* EssentialFeed.framework in Embed Frameworks */ = {isa = PBXBuildFile; fileRef = A6DCF3002BAD1296006AA91A /* EssentialFeed.framework */; settings = {ATTRIBUTES = (CodeSignOnCopy, RemoveHeadersOnCopy, ); }; };
		A6DCF3042BAD1296006AA91A /* EssentialFeediOS.framework in Frameworks */ = {isa = PBXBuildFile; fileRef = A6DCF3012BAD1296006AA91A /* EssentialFeediOS.framework */; };
		A6DCF3052BAD1296006AA91A /* EssentialFeediOS.framework in Embed Frameworks */ = {isa = PBXBuildFile; fileRef = A6DCF3012BAD1296006AA91A /* EssentialFeediOS.framework */; settings = {ATTRIBUTES = (CodeSignOnCopy, RemoveHeadersOnCopy, ); }; };
		A6E15E322BAE693C0016F771 /* FeedLoaderWithFallbackCompositeTests.swift in Sources */ = {isa = PBXBuildFile; fileRef = A6E15E312BAE693C0016F771 /* FeedLoaderWithFallbackCompositeTests.swift */; };
		A6E15E342BAE7CDD0016F771 /* FeedLoaderWithFallbackComposite.swift in Sources */ = {isa = PBXBuildFile; fileRef = A6E15E332BAE7CDD0016F771 /* FeedLoaderWithFallbackComposite.swift */; };
		A6E15E362BAE7D940016F771 /* FeedImageDataLoaderWithFallbackCompositeTests.swift in Sources */ = {isa = PBXBuildFile; fileRef = A6E15E352BAE7D940016F771 /* FeedImageDataLoaderWithFallbackCompositeTests.swift */; };
		A6E15E382BAE81D80016F771 /* SharedTestHelper.swift in Sources */ = {isa = PBXBuildFile; fileRef = A6E15E372BAE81D80016F771 /* SharedTestHelper.swift */; };
		A6E15E3A2BAE863A0016F771 /* FeedImageDataLoaderWithFallbackComposite.swift in Sources */ = {isa = PBXBuildFile; fileRef = A6E15E392BAE863A0016F771 /* FeedImageDataLoaderWithFallbackComposite.swift */; };
		A6EA3B482BB0F4D800EC29D4 /* FeedLoaderCacheDecoratorTests.swift in Sources */ = {isa = PBXBuildFile; fileRef = A6EA3B472BB0F4D800EC29D4 /* FeedLoaderCacheDecoratorTests.swift */; };
		A6EA3B4A2BB0F75A00EC29D4 /* FeedLoaderStub.swift in Sources */ = {isa = PBXBuildFile; fileRef = A6EA3B492BB0F75A00EC29D4 /* FeedLoaderStub.swift */; };
		A6EA3B4C2BB0F93D00EC29D4 /* XCTestCase+FeedLoader.swift in Sources */ = {isa = PBXBuildFile; fileRef = A6EA3B4B2BB0F93D00EC29D4 /* XCTestCase+FeedLoader.swift */; };
		A6EA3B502BB100C300EC29D4 /* FeedLoaderCacheDecorator.swift in Sources */ = {isa = PBXBuildFile; fileRef = A6EA3B4F2BB100C300EC29D4 /* FeedLoaderCacheDecorator.swift */; };
		A6EA3B522BB1035300EC29D4 /* FeedImageDataLoaderCacheDecorator.swift in Sources */ = {isa = PBXBuildFile; fileRef = A6EA3B512BB1035300EC29D4 /* FeedImageDataLoaderCacheDecorator.swift */; };
		A6EA3B542BB1037300EC29D4 /* FeedImageDataLoaderCacheDecoratorTests.swift in Sources */ = {isa = PBXBuildFile; fileRef = A6EA3B532BB1037300EC29D4 /* FeedImageDataLoaderCacheDecoratorTests.swift */; };
		A6EA3B582BB103B900EC29D4 /* FeedImageDataLoaderSpy.swift in Sources */ = {isa = PBXBuildFile; fileRef = A6EA3B572BB103B900EC29D4 /* FeedImageDataLoaderSpy.swift */; };
		A6EA3B5A2BB103DD00EC29D4 /* XCTestCase+FeedImageDataLoader.swift in Sources */ = {isa = PBXBuildFile; fileRef = A6EA3B592BB103DD00EC29D4 /* XCTestCase+FeedImageDataLoader.swift */; };
/* End PBXBuildFile section */

/* Begin PBXContainerItemProxy section */
		A6DCF2E32BAD1164006AA91A /* PBXContainerItemProxy */ = {
			isa = PBXContainerItemProxy;
			containerPortal = A6DCF2C42BAD1163006AA91A /* Project object */;
			proxyType = 1;
			remoteGlobalIDString = A6DCF2CB2BAD1163006AA91A;
			remoteInfo = EssentialApp;
		};
/* End PBXContainerItemProxy section */

/* Begin PBXCopyFilesBuildPhase section */
		A6DCF3062BAD1297006AA91A /* Embed Frameworks */ = {
			isa = PBXCopyFilesBuildPhase;
			buildActionMask = 2147483647;
			dstPath = "";
			dstSubfolderSpec = 10;
			files = (
				A648B05D2BB7BFBC00549AE8 /* EssentialFeedCache.framework in Embed Frameworks */,
				A648B0052BB7B9CF00549AE8 /* EssentialFeedAPI.framework in Embed Frameworks */,
				A648B05F2BB7BFBC00549AE8 /* EssentialFeedCacheInfrastructure.framework in Embed Frameworks */,
				A6DCF3032BAD1296006AA91A /* EssentialFeed.framework in Embed Frameworks */,
				A6DCF3052BAD1296006AA91A /* EssentialFeediOS.framework in Embed Frameworks */,
			);
			name = "Embed Frameworks";
			runOnlyForDeploymentPostprocessing = 0;
		};
/* End PBXCopyFilesBuildPhase section */

/* Begin PBXFileReference section */
		A648B0032BB7B9CF00549AE8 /* EssentialFeedAPI.framework */ = {isa = PBXFileReference; explicitFileType = wrapper.framework; path = EssentialFeedAPI.framework; sourceTree = BUILT_PRODUCTS_DIR; };
		A648B05A2BB7BFBC00549AE8 /* EssentialFeedCache.framework */ = {isa = PBXFileReference; explicitFileType = wrapper.framework; path = EssentialFeedCache.framework; sourceTree = BUILT_PRODUCTS_DIR; };
		A648B05B2BB7BFBC00549AE8 /* EssentialFeedCacheInfrastructure.framework */ = {isa = PBXFileReference; explicitFileType = wrapper.framework; path = EssentialFeedCacheInfrastructure.framework; sourceTree = BUILT_PRODUCTS_DIR; };
		A66EADB92BB4F4B8000B73D0 /* FeedAcceptanceTests.swift */ = {isa = PBXFileReference; lastKnownFileType = sourcecode.swift; path = FeedAcceptanceTests.swift; sourceTree = "<group>"; };
		A66EADBB2BB4F530000B73D0 /* SceneDelegateTests.swift */ = {isa = PBXFileReference; fileEncoding = 4; lastKnownFileType = sourcecode.swift; path = SceneDelegateTests.swift; sourceTree = "<group>"; };
		A6AA57002BB3B194000FA2C6 /* FeedUIComposer.swift */ = {isa = PBXFileReference; lastKnownFileType = sourcecode.swift; path = FeedUIComposer.swift; sourceTree = "<group>"; };
		A6AA57012BB3B194000FA2C6 /* WeakRefVirtualProxy.swift */ = {isa = PBXFileReference; lastKnownFileType = sourcecode.swift; path = WeakRefVirtualProxy.swift; sourceTree = "<group>"; };
		A6AA57022BB3B194000FA2C6 /* MainQueueDispatchDecorator.swift */ = {isa = PBXFileReference; lastKnownFileType = sourcecode.swift; path = MainQueueDispatchDecorator.swift; sourceTree = "<group>"; };
		A6AA57032BB3B194000FA2C6 /* FeedViewAdapter.swift */ = {isa = PBXFileReference; lastKnownFileType = sourcecode.swift; path = FeedViewAdapter.swift; sourceTree = "<group>"; };
		A6AA57042BB3B194000FA2C6 /* FeedImageDataLoaderPresentationAdapter.swift */ = {isa = PBXFileReference; lastKnownFileType = sourcecode.swift; path = FeedImageDataLoaderPresentationAdapter.swift; sourceTree = "<group>"; };
		A6AA57052BB3B194000FA2C6 /* FeedLoaderPresentationAdapter.swift */ = {isa = PBXFileReference; lastKnownFileType = sourcecode.swift; path = FeedLoaderPresentationAdapter.swift; sourceTree = "<group>"; };
		A6AA57162BB3B44F000FA2C6 /* FeedUIIntegrationTests+localization.swift */ = {isa = PBXFileReference; lastKnownFileType = sourcecode.swift; path = "FeedUIIntegrationTests+localization.swift"; sourceTree = "<group>"; };
		A6AA57172BB3B44F000FA2C6 /* FeedImageCell+TestHelpers.swift */ = {isa = PBXFileReference; lastKnownFileType = sourcecode.swift; path = "FeedImageCell+TestHelpers.swift"; sourceTree = "<group>"; };
		A6AA57182BB3B44F000FA2C6 /* UIRefreshControl+TestHelpers.swift */ = {isa = PBXFileReference; lastKnownFileType = sourcecode.swift; path = "UIRefreshControl+TestHelpers.swift"; sourceTree = "<group>"; };
		A6AA57192BB3B44F000FA2C6 /* FeedViewController+TestHelpers.swift */ = {isa = PBXFileReference; lastKnownFileType = sourcecode.swift; path = "FeedViewController+TestHelpers.swift"; sourceTree = "<group>"; };
		A6AA571A2BB3B44F000FA2C6 /* UIImage+TestHelpers.swift */ = {isa = PBXFileReference; lastKnownFileType = sourcecode.swift; path = "UIImage+TestHelpers.swift"; sourceTree = "<group>"; };
		A6AA571B2BB3B44F000FA2C6 /* UIButton+TestHelpers.swift */ = {isa = PBXFileReference; lastKnownFileType = sourcecode.swift; path = "UIButton+TestHelpers.swift"; sourceTree = "<group>"; };
		A6AA571C2BB3B44F000FA2C6 /* UIControl+TestHelpers.swift */ = {isa = PBXFileReference; lastKnownFileType = sourcecode.swift; path = "UIControl+TestHelpers.swift"; sourceTree = "<group>"; };
		A6AA571D2BB3B44F000FA2C6 /* FeedUIIntegrationTests+LoaderSpy.swift */ = {isa = PBXFileReference; lastKnownFileType = sourcecode.swift; path = "FeedUIIntegrationTests+LoaderSpy.swift"; sourceTree = "<group>"; };
		A6AA571E2BB3B44F000FA2C6 /* FeedUIIntegrationTests+Assertion.swift */ = {isa = PBXFileReference; lastKnownFileType = sourcecode.swift; path = "FeedUIIntegrationTests+Assertion.swift"; sourceTree = "<group>"; };
		A6AA57202BB3B44F000FA2C6 /* FeedUIIntegrationTests.swift */ = {isa = PBXFileReference; lastKnownFileType = sourcecode.swift; path = FeedUIIntegrationTests.swift; sourceTree = "<group>"; };
		A6DCF2CC2BAD1163006AA91A /* EssentialApp.app */ = {isa = PBXFileReference; explicitFileType = wrapper.application; includeInIndex = 0; path = EssentialApp.app; sourceTree = BUILT_PRODUCTS_DIR; };
		A6DCF2CF2BAD1163006AA91A /* AppDelegate.swift */ = {isa = PBXFileReference; lastKnownFileType = sourcecode.swift; path = AppDelegate.swift; sourceTree = "<group>"; };
		A6DCF2D12BAD1163006AA91A /* SceneDelegate.swift */ = {isa = PBXFileReference; lastKnownFileType = sourcecode.swift; path = SceneDelegate.swift; sourceTree = "<group>"; };
		A6DCF2D32BAD1163006AA91A /* ViewController.swift */ = {isa = PBXFileReference; lastKnownFileType = sourcecode.swift; path = ViewController.swift; sourceTree = "<group>"; };
		A6DCF2D62BAD1163006AA91A /* Base */ = {isa = PBXFileReference; lastKnownFileType = file.storyboard; name = Base; path = Base.lproj/Main.storyboard; sourceTree = "<group>"; };
		A6DCF2D82BAD1164006AA91A /* Assets.xcassets */ = {isa = PBXFileReference; lastKnownFileType = folder.assetcatalog; path = Assets.xcassets; sourceTree = "<group>"; };
		A6DCF2DB2BAD1164006AA91A /* Base */ = {isa = PBXFileReference; lastKnownFileType = file.storyboard; name = Base; path = Base.lproj/LaunchScreen.storyboard; sourceTree = "<group>"; };
		A6DCF2DD2BAD1164006AA91A /* Info.plist */ = {isa = PBXFileReference; lastKnownFileType = text.plist.xml; path = Info.plist; sourceTree = "<group>"; };
		A6DCF2E22BAD1164006AA91A /* EssentialAppTests.xctest */ = {isa = PBXFileReference; explicitFileType = wrapper.cfbundle; includeInIndex = 0; path = EssentialAppTests.xctest; sourceTree = BUILT_PRODUCTS_DIR; };
		A6DCF3002BAD1296006AA91A /* EssentialFeed.framework */ = {isa = PBXFileReference; explicitFileType = wrapper.framework; path = EssentialFeed.framework; sourceTree = BUILT_PRODUCTS_DIR; };
		A6DCF3012BAD1296006AA91A /* EssentialFeediOS.framework */ = {isa = PBXFileReference; explicitFileType = wrapper.framework; path = EssentialFeediOS.framework; sourceTree = BUILT_PRODUCTS_DIR; };
		A6E15E312BAE693C0016F771 /* FeedLoaderWithFallbackCompositeTests.swift */ = {isa = PBXFileReference; lastKnownFileType = sourcecode.swift; path = FeedLoaderWithFallbackCompositeTests.swift; sourceTree = "<group>"; };
		A6E15E332BAE7CDD0016F771 /* FeedLoaderWithFallbackComposite.swift */ = {isa = PBXFileReference; lastKnownFileType = sourcecode.swift; path = FeedLoaderWithFallbackComposite.swift; sourceTree = "<group>"; };
		A6E15E352BAE7D940016F771 /* FeedImageDataLoaderWithFallbackCompositeTests.swift */ = {isa = PBXFileReference; lastKnownFileType = sourcecode.swift; path = FeedImageDataLoaderWithFallbackCompositeTests.swift; sourceTree = "<group>"; };
		A6E15E372BAE81D80016F771 /* SharedTestHelper.swift */ = {isa = PBXFileReference; lastKnownFileType = sourcecode.swift; path = SharedTestHelper.swift; sourceTree = "<group>"; };
		A6E15E392BAE863A0016F771 /* FeedImageDataLoaderWithFallbackComposite.swift */ = {isa = PBXFileReference; lastKnownFileType = sourcecode.swift; path = FeedImageDataLoaderWithFallbackComposite.swift; sourceTree = "<group>"; };
		A6EA3B472BB0F4D800EC29D4 /* FeedLoaderCacheDecoratorTests.swift */ = {isa = PBXFileReference; lastKnownFileType = sourcecode.swift; path = FeedLoaderCacheDecoratorTests.swift; sourceTree = "<group>"; };
		A6EA3B492BB0F75A00EC29D4 /* FeedLoaderStub.swift */ = {isa = PBXFileReference; lastKnownFileType = sourcecode.swift; path = FeedLoaderStub.swift; sourceTree = "<group>"; };
		A6EA3B4B2BB0F93D00EC29D4 /* XCTestCase+FeedLoader.swift */ = {isa = PBXFileReference; lastKnownFileType = sourcecode.swift; path = "XCTestCase+FeedLoader.swift"; sourceTree = "<group>"; };
		A6EA3B4F2BB100C300EC29D4 /* FeedLoaderCacheDecorator.swift */ = {isa = PBXFileReference; lastKnownFileType = sourcecode.swift; path = FeedLoaderCacheDecorator.swift; sourceTree = "<group>"; };
		A6EA3B512BB1035300EC29D4 /* FeedImageDataLoaderCacheDecorator.swift */ = {isa = PBXFileReference; lastKnownFileType = sourcecode.swift; path = FeedImageDataLoaderCacheDecorator.swift; sourceTree = "<group>"; };
		A6EA3B532BB1037300EC29D4 /* FeedImageDataLoaderCacheDecoratorTests.swift */ = {isa = PBXFileReference; lastKnownFileType = sourcecode.swift; path = FeedImageDataLoaderCacheDecoratorTests.swift; sourceTree = "<group>"; };
		A6EA3B572BB103B900EC29D4 /* FeedImageDataLoaderSpy.swift */ = {isa = PBXFileReference; lastKnownFileType = sourcecode.swift; path = FeedImageDataLoaderSpy.swift; sourceTree = "<group>"; };
		A6EA3B592BB103DD00EC29D4 /* XCTestCase+FeedImageDataLoader.swift */ = {isa = PBXFileReference; lastKnownFileType = sourcecode.swift; path = "XCTestCase+FeedImageDataLoader.swift"; sourceTree = "<group>"; };
/* End PBXFileReference section */

/* Begin PBXFrameworksBuildPhase section */
		A6DCF2C92BAD1163006AA91A /* Frameworks */ = {
			isa = PBXFrameworksBuildPhase;
			buildActionMask = 2147483647;
			files = (
				A648B05C2BB7BFBC00549AE8 /* EssentialFeedCache.framework in Frameworks */,
				A648B0042BB7B9CF00549AE8 /* EssentialFeedAPI.framework in Frameworks */,
				A648B05E2BB7BFBC00549AE8 /* EssentialFeedCacheInfrastructure.framework in Frameworks */,
				A6DCF3022BAD1296006AA91A /* EssentialFeed.framework in Frameworks */,
				A6DCF3042BAD1296006AA91A /* EssentialFeediOS.framework in Frameworks */,
			);
			runOnlyForDeploymentPostprocessing = 0;
		};
		A6DCF2DF2BAD1164006AA91A /* Frameworks */ = {
			isa = PBXFrameworksBuildPhase;
			buildActionMask = 2147483647;
			files = (
			);
			runOnlyForDeploymentPostprocessing = 0;
		};
/* End PBXFrameworksBuildPhase section */

/* Begin PBXGroup section */
		A6AA57062BB3B194000FA2C6 /* Composers */ = {
			isa = PBXGroup;
			children = (
				A6AA57002BB3B194000FA2C6 /* FeedUIComposer.swift */,
				A6AA57012BB3B194000FA2C6 /* WeakRefVirtualProxy.swift */,
				A6AA57022BB3B194000FA2C6 /* MainQueueDispatchDecorator.swift */,
				A6AA57032BB3B194000FA2C6 /* FeedViewAdapter.swift */,
				A6AA57042BB3B194000FA2C6 /* FeedImageDataLoaderPresentationAdapter.swift */,
				A6AA57052BB3B194000FA2C6 /* FeedLoaderPresentationAdapter.swift */,
			);
			path = Composers;
			sourceTree = "<group>";
		};
		A6AA571F2BB3B44F000FA2C6 /* Helpers */ = {
			isa = PBXGroup;
			children = (
				A6AA57162BB3B44F000FA2C6 /* FeedUIIntegrationTests+localization.swift */,
				A6AA57172BB3B44F000FA2C6 /* FeedImageCell+TestHelpers.swift */,
				A6AA57182BB3B44F000FA2C6 /* UIRefreshControl+TestHelpers.swift */,
				A6AA57192BB3B44F000FA2C6 /* FeedViewController+TestHelpers.swift */,
				A6AA571A2BB3B44F000FA2C6 /* UIImage+TestHelpers.swift */,
				A6AA571B2BB3B44F000FA2C6 /* UIButton+TestHelpers.swift */,
				A6AA571C2BB3B44F000FA2C6 /* UIControl+TestHelpers.swift */,
				A6AA571D2BB3B44F000FA2C6 /* FeedUIIntegrationTests+LoaderSpy.swift */,
				A6AA571E2BB3B44F000FA2C6 /* FeedUIIntegrationTests+Assertion.swift */,
			);
			path = Helpers;
			sourceTree = "<group>";
		};
		A6AA57212BB3B44F000FA2C6 /* Feed UI */ = {
			isa = PBXGroup;
			children = (
				A6AA571F2BB3B44F000FA2C6 /* Helpers */,
				A6AA57202BB3B44F000FA2C6 /* FeedUIIntegrationTests.swift */,
			);
			path = "Feed UI";
			sourceTree = "<group>";
		};
		A6DCF2C32BAD1163006AA91A = {
			isa = PBXGroup;
			children = (
				A6DCF2CE2BAD1163006AA91A /* EssentialApp */,
				A6DCF2E52BAD1164006AA91A /* EssentialAppTests */,
				A6DCF2CD2BAD1163006AA91A /* Products */,
				A6DCF2FF2BAD1296006AA91A /* Frameworks */,
			);
			sourceTree = "<group>";
		};
		A6DCF2CD2BAD1163006AA91A /* Products */ = {
			isa = PBXGroup;
			children = (
				A6DCF2CC2BAD1163006AA91A /* EssentialApp.app */,
				A6DCF2E22BAD1164006AA91A /* EssentialAppTests.xctest */,
			);
			name = Products;
			sourceTree = "<group>";
		};
		A6DCF2CE2BAD1163006AA91A /* EssentialApp */ = {
			isa = PBXGroup;
			children = (
				A6DCF2CF2BAD1163006AA91A /* AppDelegate.swift */,
				A6DCF2D12BAD1163006AA91A /* SceneDelegate.swift */,
				A6DCF2D32BAD1163006AA91A /* ViewController.swift */,
				A6AA57062BB3B194000FA2C6 /* Composers */,
				A6E15E332BAE7CDD0016F771 /* FeedLoaderWithFallbackComposite.swift */,
				A6E15E392BAE863A0016F771 /* FeedImageDataLoaderWithFallbackComposite.swift */,
				A6EA3B4F2BB100C300EC29D4 /* FeedLoaderCacheDecorator.swift */,
				A6EA3B512BB1035300EC29D4 /* FeedImageDataLoaderCacheDecorator.swift */,
				A6DCF2D52BAD1163006AA91A /* Main.storyboard */,
				A6DCF2D82BAD1164006AA91A /* Assets.xcassets */,
				A6DCF2DA2BAD1164006AA91A /* LaunchScreen.storyboard */,
				A6DCF2DD2BAD1164006AA91A /* Info.plist */,
			);
			path = EssentialApp;
			sourceTree = "<group>";
		};
		A6DCF2E52BAD1164006AA91A /* EssentialAppTests */ = {
			isa = PBXGroup;
			children = (
				A6AA57212BB3B44F000FA2C6 /* Feed UI */,
				A6EA3B462BB0F4B300EC29D4 /* Helpers */,
				A6E15E312BAE693C0016F771 /* FeedLoaderWithFallbackCompositeTests.swift */,
				A6E15E352BAE7D940016F771 /* FeedImageDataLoaderWithFallbackCompositeTests.swift */,
				A6EA3B472BB0F4D800EC29D4 /* FeedLoaderCacheDecoratorTests.swift */,
				A6EA3B532BB1037300EC29D4 /* FeedImageDataLoaderCacheDecoratorTests.swift */,
				A66EADBB2BB4F530000B73D0 /* SceneDelegateTests.swift */,
				A66EADB92BB4F4B8000B73D0 /* FeedAcceptanceTests.swift */,
			);
			path = EssentialAppTests;
			sourceTree = "<group>";
		};
		A6DCF2FF2BAD1296006AA91A /* Frameworks */ = {
			isa = PBXGroup;
			children = (
				A648B05A2BB7BFBC00549AE8 /* EssentialFeedCache.framework */,
				A648B05B2BB7BFBC00549AE8 /* EssentialFeedCacheInfrastructure.framework */,
				A648B0032BB7B9CF00549AE8 /* EssentialFeedAPI.framework */,
				A6DCF3002BAD1296006AA91A /* EssentialFeed.framework */,
				A6DCF3012BAD1296006AA91A /* EssentialFeediOS.framework */,
			);
			name = Frameworks;
			sourceTree = "<group>";
		};
		A6EA3B462BB0F4B300EC29D4 /* Helpers */ = {
			isa = PBXGroup;
			children = (
				A6E15E372BAE81D80016F771 /* SharedTestHelper.swift */,
				A6EA3B492BB0F75A00EC29D4 /* FeedLoaderStub.swift */,
				A6EA3B4B2BB0F93D00EC29D4 /* XCTestCase+FeedLoader.swift */,
				A6EA3B592BB103DD00EC29D4 /* XCTestCase+FeedImageDataLoader.swift */,
				A6EA3B572BB103B900EC29D4 /* FeedImageDataLoaderSpy.swift */,
			);
			path = Helpers;
			sourceTree = "<group>";
		};
/* End PBXGroup section */

/* Begin PBXNativeTarget section */
		A6DCF2CB2BAD1163006AA91A /* EssentialApp */ = {
			isa = PBXNativeTarget;
			buildConfigurationList = A6DCF2F62BAD1164006AA91A /* Build configuration list for PBXNativeTarget "EssentialApp" */;
			buildPhases = (
				A6DCF2C82BAD1163006AA91A /* Sources */,
				A6DCF2C92BAD1163006AA91A /* Frameworks */,
				A6DCF2CA2BAD1163006AA91A /* Resources */,
				A6DCF3062BAD1297006AA91A /* Embed Frameworks */,
			);
			buildRules = (
			);
			dependencies = (
			);
			name = EssentialApp;
			productName = EssentialApp;
			productReference = A6DCF2CC2BAD1163006AA91A /* EssentialApp.app */;
			productType = "com.apple.product-type.application";
		};
		A6DCF2E12BAD1164006AA91A /* EssentialAppTests */ = {
			isa = PBXNativeTarget;
			buildConfigurationList = A6DCF2F92BAD1164006AA91A /* Build configuration list for PBXNativeTarget "EssentialAppTests" */;
			buildPhases = (
				A6DCF2DE2BAD1164006AA91A /* Sources */,
				A6DCF2DF2BAD1164006AA91A /* Frameworks */,
				A6DCF2E02BAD1164006AA91A /* Resources */,
			);
			buildRules = (
			);
			dependencies = (
				A6DCF2E42BAD1164006AA91A /* PBXTargetDependency */,
			);
			name = EssentialAppTests;
			productName = EssentialAppTests;
			productReference = A6DCF2E22BAD1164006AA91A /* EssentialAppTests.xctest */;
			productType = "com.apple.product-type.bundle.unit-test";
		};
/* End PBXNativeTarget section */

/* Begin PBXProject section */
		A6DCF2C42BAD1163006AA91A /* Project object */ = {
			isa = PBXProject;
			attributes = {
				BuildIndependentTargetsInParallel = 1;
				LastSwiftUpdateCheck = 1410;
				LastUpgradeCheck = 1410;
				TargetAttributes = {
					A6DCF2CB2BAD1163006AA91A = {
						CreatedOnToolsVersion = 14.1;
					};
					A6DCF2E12BAD1164006AA91A = {
						CreatedOnToolsVersion = 14.1;
						TestTargetID = A6DCF2CB2BAD1163006AA91A;
					};
				};
			};
			buildConfigurationList = A6DCF2C72BAD1163006AA91A /* Build configuration list for PBXProject "EssentialApp" */;
			compatibilityVersion = "Xcode 14.0";
			developmentRegion = en;
			hasScannedForEncodings = 0;
			knownRegions = (
				en,
				Base,
			);
			mainGroup = A6DCF2C32BAD1163006AA91A;
			productRefGroup = A6DCF2CD2BAD1163006AA91A /* Products */;
			projectDirPath = "";
			projectRoot = "";
			targets = (
				A6DCF2CB2BAD1163006AA91A /* EssentialApp */,
				A6DCF2E12BAD1164006AA91A /* EssentialAppTests */,
			);
		};
/* End PBXProject section */

/* Begin PBXResourcesBuildPhase section */
		A6DCF2CA2BAD1163006AA91A /* Resources */ = {
			isa = PBXResourcesBuildPhase;
			buildActionMask = 2147483647;
			files = (
				A6DCF2DC2BAD1164006AA91A /* LaunchScreen.storyboard in Resources */,
				A6DCF2D92BAD1164006AA91A /* Assets.xcassets in Resources */,
				A6DCF2D72BAD1163006AA91A /* Main.storyboard in Resources */,
			);
			runOnlyForDeploymentPostprocessing = 0;
		};
		A6DCF2E02BAD1164006AA91A /* Resources */ = {
			isa = PBXResourcesBuildPhase;
			buildActionMask = 2147483647;
			files = (
			);
			runOnlyForDeploymentPostprocessing = 0;
		};
/* End PBXResourcesBuildPhase section */

/* Begin PBXSourcesBuildPhase section */
		A6DCF2C82BAD1163006AA91A /* Sources */ = {
			isa = PBXSourcesBuildPhase;
			buildActionMask = 2147483647;
			files = (
				A6DCF2D42BAD1163006AA91A /* ViewController.swift in Sources */,
				A6AA57102BB3B22C000FA2C6 /* FeedImageDataLoaderPresentationAdapter.swift in Sources */,
				A6AA570C2BB3B22C000FA2C6 /* MainQueueDispatchDecorator.swift in Sources */,
				A6AA570D2BB3B22C000FA2C6 /* WeakRefVirtualProxy.swift in Sources */,
				A6DCF2D02BAD1163006AA91A /* AppDelegate.swift in Sources */,
				A6AA570F2BB3B22C000FA2C6 /* FeedViewAdapter.swift in Sources */,
				A6E15E342BAE7CDD0016F771 /* FeedLoaderWithFallbackComposite.swift in Sources */,
				A6EA3B502BB100C300EC29D4 /* FeedLoaderCacheDecorator.swift in Sources */,
				A6DCF2D22BAD1163006AA91A /* SceneDelegate.swift in Sources */,
				A6AA570E2BB3B22C000FA2C6 /* FeedUIComposer.swift in Sources */,
				A6E15E3A2BAE863A0016F771 /* FeedImageDataLoaderWithFallbackComposite.swift in Sources */,
				A6AA57112BB3B22C000FA2C6 /* FeedLoaderPresentationAdapter.swift in Sources */,
				A6EA3B522BB1035300EC29D4 /* FeedImageDataLoaderCacheDecorator.swift in Sources */,
			);
			runOnlyForDeploymentPostprocessing = 0;
		};
		A6DCF2DE2BAD1164006AA91A /* Sources */ = {
			isa = PBXSourcesBuildPhase;
			buildActionMask = 2147483647;
			files = (
				A6AA57272BB3B467000FA2C6 /* FeedViewController+TestHelpers.swift in Sources */,
				A6AA572B2BB3B467000FA2C6 /* UIButton+TestHelpers.swift in Sources */,
				A66EADBC2BB4F530000B73D0 /* SceneDelegateTests.swift in Sources */,
				A6AA57262BB3B467000FA2C6 /* FeedUIIntegrationTests+LoaderSpy.swift in Sources */,
				A6E15E362BAE7D940016F771 /* FeedImageDataLoaderWithFallbackCompositeTests.swift in Sources */,
				A6AA57252BB3B467000FA2C6 /* UIControl+TestHelpers.swift in Sources */,
				A6EA3B542BB1037300EC29D4 /* FeedImageDataLoaderCacheDecoratorTests.swift in Sources */,
				A6AA57242BB3B467000FA2C6 /* FeedUIIntegrationTests+localization.swift in Sources */,
				A6EA3B4A2BB0F75A00EC29D4 /* FeedLoaderStub.swift in Sources */,
				A6EA3B582BB103B900EC29D4 /* FeedImageDataLoaderSpy.swift in Sources */,
				A6AA57232BB3B467000FA2C6 /* FeedUIIntegrationTests.swift in Sources */,
				A6AA57282BB3B467000FA2C6 /* FeedUIIntegrationTests+Assertion.swift in Sources */,
				A6E15E322BAE693C0016F771 /* FeedLoaderWithFallbackCompositeTests.swift in Sources */,
				A6AA572A2BB3B467000FA2C6 /* FeedImageCell+TestHelpers.swift in Sources */,
				A6EA3B5A2BB103DD00EC29D4 /* XCTestCase+FeedImageDataLoader.swift in Sources */,
				A6EA3B4C2BB0F93D00EC29D4 /* XCTestCase+FeedLoader.swift in Sources */,
				A6AA57292BB3B467000FA2C6 /* UIRefreshControl+TestHelpers.swift in Sources */,
				A6E15E382BAE81D80016F771 /* SharedTestHelper.swift in Sources */,
				A6AA57222BB3B467000FA2C6 /* UIImage+TestHelpers.swift in Sources */,
				A66EADBA2BB4F4B8000B73D0 /* FeedAcceptanceTests.swift in Sources */,
				A6EA3B482BB0F4D800EC29D4 /* FeedLoaderCacheDecoratorTests.swift in Sources */,
			);
			runOnlyForDeploymentPostprocessing = 0;
		};
/* End PBXSourcesBuildPhase section */

/* Begin PBXTargetDependency section */
		A6DCF2E42BAD1164006AA91A /* PBXTargetDependency */ = {
			isa = PBXTargetDependency;
			target = A6DCF2CB2BAD1163006AA91A /* EssentialApp */;
			targetProxy = A6DCF2E32BAD1164006AA91A /* PBXContainerItemProxy */;
		};
/* End PBXTargetDependency section */

/* Begin PBXVariantGroup section */
		A6DCF2D52BAD1163006AA91A /* Main.storyboard */ = {
			isa = PBXVariantGroup;
			children = (
				A6DCF2D62BAD1163006AA91A /* Base */,
			);
			name = Main.storyboard;
			sourceTree = "<group>";
		};
		A6DCF2DA2BAD1164006AA91A /* LaunchScreen.storyboard */ = {
			isa = PBXVariantGroup;
			children = (
				A6DCF2DB2BAD1164006AA91A /* Base */,
			);
			name = LaunchScreen.storyboard;
			sourceTree = "<group>";
		};
/* End PBXVariantGroup section */

/* Begin XCBuildConfiguration section */
		A6DCF2F42BAD1164006AA91A /* Debug */ = {
			isa = XCBuildConfiguration;
			buildSettings = {
				ALWAYS_SEARCH_USER_PATHS = NO;
				CLANG_ANALYZER_NONNULL = YES;
				CLANG_ANALYZER_NUMBER_OBJECT_CONVERSION = YES_AGGRESSIVE;
				CLANG_CXX_LANGUAGE_STANDARD = "gnu++20";
				CLANG_ENABLE_MODULES = YES;
				CLANG_ENABLE_OBJC_ARC = YES;
				CLANG_ENABLE_OBJC_WEAK = YES;
				CLANG_WARN_BLOCK_CAPTURE_AUTORELEASING = YES;
				CLANG_WARN_BOOL_CONVERSION = YES;
				CLANG_WARN_COMMA = YES;
				CLANG_WARN_CONSTANT_CONVERSION = YES;
				CLANG_WARN_DEPRECATED_OBJC_IMPLEMENTATIONS = YES;
				CLANG_WARN_DIRECT_OBJC_ISA_USAGE = YES_ERROR;
				CLANG_WARN_DOCUMENTATION_COMMENTS = YES;
				CLANG_WARN_EMPTY_BODY = YES;
				CLANG_WARN_ENUM_CONVERSION = YES;
				CLANG_WARN_INFINITE_RECURSION = YES;
				CLANG_WARN_INT_CONVERSION = YES;
				CLANG_WARN_NON_LITERAL_NULL_CONVERSION = YES;
				CLANG_WARN_OBJC_IMPLICIT_RETAIN_SELF = YES;
				CLANG_WARN_OBJC_LITERAL_CONVERSION = YES;
				CLANG_WARN_OBJC_ROOT_CLASS = YES_ERROR;
				CLANG_WARN_QUOTED_INCLUDE_IN_FRAMEWORK_HEADER = YES;
				CLANG_WARN_RANGE_LOOP_ANALYSIS = YES;
				CLANG_WARN_STRICT_PROTOTYPES = YES;
				CLANG_WARN_SUSPICIOUS_MOVE = YES;
				CLANG_WARN_UNGUARDED_AVAILABILITY = YES_AGGRESSIVE;
				CLANG_WARN_UNREACHABLE_CODE = YES;
				CLANG_WARN__DUPLICATE_METHOD_MATCH = YES;
				COPY_PHASE_STRIP = NO;
				DEBUG_INFORMATION_FORMAT = dwarf;
				ENABLE_STRICT_OBJC_MSGSEND = YES;
				ENABLE_TESTABILITY = YES;
				GCC_C_LANGUAGE_STANDARD = gnu11;
				GCC_DYNAMIC_NO_PIC = NO;
				GCC_NO_COMMON_BLOCKS = YES;
				GCC_OPTIMIZATION_LEVEL = 0;
				GCC_PREPROCESSOR_DEFINITIONS = (
					"DEBUG=1",
					"$(inherited)",
				);
				GCC_WARN_64_TO_32_BIT_CONVERSION = YES;
				GCC_WARN_ABOUT_RETURN_TYPE = YES_ERROR;
				GCC_WARN_UNDECLARED_SELECTOR = YES;
				GCC_WARN_UNINITIALIZED_AUTOS = YES_AGGRESSIVE;
				GCC_WARN_UNUSED_FUNCTION = YES;
				GCC_WARN_UNUSED_VARIABLE = YES;
				IPHONEOS_DEPLOYMENT_TARGET = 16.1;
				MTL_ENABLE_DEBUG_INFO = INCLUDE_SOURCE;
				MTL_FAST_MATH = YES;
				ONLY_ACTIVE_ARCH = YES;
				SDKROOT = iphoneos;
				SWIFT_ACTIVE_COMPILATION_CONDITIONS = DEBUG;
				SWIFT_OPTIMIZATION_LEVEL = "-Onone";
			};
			name = Debug;
		};
		A6DCF2F52BAD1164006AA91A /* Release */ = {
			isa = XCBuildConfiguration;
			buildSettings = {
				ALWAYS_SEARCH_USER_PATHS = NO;
				CLANG_ANALYZER_NONNULL = YES;
				CLANG_ANALYZER_NUMBER_OBJECT_CONVERSION = YES_AGGRESSIVE;
				CLANG_CXX_LANGUAGE_STANDARD = "gnu++20";
				CLANG_ENABLE_MODULES = YES;
				CLANG_ENABLE_OBJC_ARC = YES;
				CLANG_ENABLE_OBJC_WEAK = YES;
				CLANG_WARN_BLOCK_CAPTURE_AUTORELEASING = YES;
				CLANG_WARN_BOOL_CONVERSION = YES;
				CLANG_WARN_COMMA = YES;
				CLANG_WARN_CONSTANT_CONVERSION = YES;
				CLANG_WARN_DEPRECATED_OBJC_IMPLEMENTATIONS = YES;
				CLANG_WARN_DIRECT_OBJC_ISA_USAGE = YES_ERROR;
				CLANG_WARN_DOCUMENTATION_COMMENTS = YES;
				CLANG_WARN_EMPTY_BODY = YES;
				CLANG_WARN_ENUM_CONVERSION = YES;
				CLANG_WARN_INFINITE_RECURSION = YES;
				CLANG_WARN_INT_CONVERSION = YES;
				CLANG_WARN_NON_LITERAL_NULL_CONVERSION = YES;
				CLANG_WARN_OBJC_IMPLICIT_RETAIN_SELF = YES;
				CLANG_WARN_OBJC_LITERAL_CONVERSION = YES;
				CLANG_WARN_OBJC_ROOT_CLASS = YES_ERROR;
				CLANG_WARN_QUOTED_INCLUDE_IN_FRAMEWORK_HEADER = YES;
				CLANG_WARN_RANGE_LOOP_ANALYSIS = YES;
				CLANG_WARN_STRICT_PROTOTYPES = YES;
				CLANG_WARN_SUSPICIOUS_MOVE = YES;
				CLANG_WARN_UNGUARDED_AVAILABILITY = YES_AGGRESSIVE;
				CLANG_WARN_UNREACHABLE_CODE = YES;
				CLANG_WARN__DUPLICATE_METHOD_MATCH = YES;
				COPY_PHASE_STRIP = NO;
				DEBUG_INFORMATION_FORMAT = "dwarf-with-dsym";
				ENABLE_NS_ASSERTIONS = NO;
				ENABLE_STRICT_OBJC_MSGSEND = YES;
				GCC_C_LANGUAGE_STANDARD = gnu11;
				GCC_NO_COMMON_BLOCKS = YES;
				GCC_WARN_64_TO_32_BIT_CONVERSION = YES;
				GCC_WARN_ABOUT_RETURN_TYPE = YES_ERROR;
				GCC_WARN_UNDECLARED_SELECTOR = YES;
				GCC_WARN_UNINITIALIZED_AUTOS = YES_AGGRESSIVE;
				GCC_WARN_UNUSED_FUNCTION = YES;
				GCC_WARN_UNUSED_VARIABLE = YES;
				IPHONEOS_DEPLOYMENT_TARGET = 16.1;
				MTL_ENABLE_DEBUG_INFO = NO;
				MTL_FAST_MATH = YES;
				SDKROOT = iphoneos;
				SWIFT_COMPILATION_MODE = wholemodule;
				SWIFT_OPTIMIZATION_LEVEL = "-O";
				VALIDATE_PRODUCT = YES;
			};
			name = Release;
		};
		A6DCF2F72BAD1164006AA91A /* Debug */ = {
			isa = XCBuildConfiguration;
			buildSettings = {
				ASSETCATALOG_COMPILER_APPICON_NAME = AppIcon;
				ASSETCATALOG_COMPILER_GLOBAL_ACCENT_COLOR_NAME = AccentColor;
				CODE_SIGN_STYLE = Automatic;
				CURRENT_PROJECT_VERSION = 1;
				DEVELOPMENT_TEAM = JFZ2LR645L;
				GENERATE_INFOPLIST_FILE = YES;
				INFOPLIST_FILE = EssentialApp/Info.plist;
				INFOPLIST_KEY_UIApplicationSupportsIndirectInputEvents = YES;
				INFOPLIST_KEY_UILaunchStoryboardName = LaunchScreen;
				INFOPLIST_KEY_UIMainStoryboardFile = Main;
				INFOPLIST_KEY_UISupportedInterfaceOrientations = UIInterfaceOrientationPortrait;
				LD_RUNPATH_SEARCH_PATHS = (
					"$(inherited)",
					"@executable_path/Frameworks",
				);
				MARKETING_VERSION = 1.0;
				PRODUCT_BUNDLE_IDENTIFIER = com.shengjun.xia.EssentialApp;
				PRODUCT_NAME = "$(TARGET_NAME)";
				SWIFT_EMIT_LOC_STRINGS = YES;
				SWIFT_VERSION = 5.0;
				TARGETED_DEVICE_FAMILY = "1,2";
			};
			name = Debug;
		};
		A6DCF2F82BAD1164006AA91A /* Release */ = {
			isa = XCBuildConfiguration;
			buildSettings = {
				ASSETCATALOG_COMPILER_APPICON_NAME = AppIcon;
				ASSETCATALOG_COMPILER_GLOBAL_ACCENT_COLOR_NAME = AccentColor;
				CODE_SIGN_STYLE = Automatic;
				CURRENT_PROJECT_VERSION = 1;
				DEVELOPMENT_TEAM = JFZ2LR645L;
				GENERATE_INFOPLIST_FILE = YES;
				INFOPLIST_FILE = EssentialApp/Info.plist;
				INFOPLIST_KEY_UIApplicationSupportsIndirectInputEvents = YES;
				INFOPLIST_KEY_UILaunchStoryboardName = LaunchScreen;
				INFOPLIST_KEY_UIMainStoryboardFile = Main;
				INFOPLIST_KEY_UISupportedInterfaceOrientations = UIInterfaceOrientationPortrait;
				LD_RUNPATH_SEARCH_PATHS = (
					"$(inherited)",
					"@executable_path/Frameworks",
				);
				MARKETING_VERSION = 1.0;
				PRODUCT_BUNDLE_IDENTIFIER = com.shengjun.xia.EssentialApp;
				PRODUCT_NAME = "$(TARGET_NAME)";
				SWIFT_EMIT_LOC_STRINGS = YES;
				SWIFT_VERSION = 5.0;
				TARGETED_DEVICE_FAMILY = "1,2";
			};
			name = Release;
		};
		A6DCF2FA2BAD1164006AA91A /* Debug */ = {
			isa = XCBuildConfiguration;
			buildSettings = {
				ALWAYS_EMBED_SWIFT_STANDARD_LIBRARIES = YES;
				BUNDLE_LOADER = "$(TEST_HOST)";
				CODE_SIGN_STYLE = Automatic;
				CURRENT_PROJECT_VERSION = 1;
				DEVELOPMENT_TEAM = JFZ2LR645L;
				GENERATE_INFOPLIST_FILE = YES;
				IPHONEOS_DEPLOYMENT_TARGET = 16.1;
				MARKETING_VERSION = 1.0;
				PRODUCT_BUNDLE_IDENTIFIER = com.shengjun.xia.EssentialAppTests;
				PRODUCT_NAME = "$(TARGET_NAME)";
				SWIFT_EMIT_LOC_STRINGS = NO;
				SWIFT_VERSION = 5.0;
				TARGETED_DEVICE_FAMILY = "1,2";
				TEST_HOST = "$(BUILT_PRODUCTS_DIR)/EssentialApp.app/$(BUNDLE_EXECUTABLE_FOLDER_PATH)/EssentialApp";
			};
			name = Debug;
		};
		A6DCF2FB2BAD1164006AA91A /* Release */ = {
			isa = XCBuildConfiguration;
			buildSettings = {
				ALWAYS_EMBED_SWIFT_STANDARD_LIBRARIES = YES;
				BUNDLE_LOADER = "$(TEST_HOST)";
				CODE_SIGN_STYLE = Automatic;
				CURRENT_PROJECT_VERSION = 1;
				DEVELOPMENT_TEAM = JFZ2LR645L;
				GENERATE_INFOPLIST_FILE = YES;
				IPHONEOS_DEPLOYMENT_TARGET = 16.1;
				MARKETING_VERSION = 1.0;
				PRODUCT_BUNDLE_IDENTIFIER = com.shengjun.xia.EssentialAppTests;
				PRODUCT_NAME = "$(TARGET_NAME)";
				SWIFT_EMIT_LOC_STRINGS = NO;
				SWIFT_VERSION = 5.0;
				TARGETED_DEVICE_FAMILY = "1,2";
				TEST_HOST = "$(BUILT_PRODUCTS_DIR)/EssentialApp.app/$(BUNDLE_EXECUTABLE_FOLDER_PATH)/EssentialApp";
			};
			name = Release;
		};
/* End XCBuildConfiguration section */

/* Begin XCConfigurationList section */
		A6DCF2C72BAD1163006AA91A /* Build configuration list for PBXProject "EssentialApp" */ = {
			isa = XCConfigurationList;
			buildConfigurations = (
				A6DCF2F42BAD1164006AA91A /* Debug */,
				A6DCF2F52BAD1164006AA91A /* Release */,
			);
			defaultConfigurationIsVisible = 0;
			defaultConfigurationName = Release;
		};
		A6DCF2F62BAD1164006AA91A /* Build configuration list for PBXNativeTarget "EssentialApp" */ = {
			isa = XCConfigurationList;
			buildConfigurations = (
				A6DCF2F72BAD1164006AA91A /* Debug */,
				A6DCF2F82BAD1164006AA91A /* Release */,
			);
			defaultConfigurationIsVisible = 0;
			defaultConfigurationName = Release;
		};
		A6DCF2F92BAD1164006AA91A /* Build configuration list for PBXNativeTarget "EssentialAppTests" */ = {
			isa = XCConfigurationList;
			buildConfigurations = (
				A6DCF2FA2BAD1164006AA91A /* Debug */,
				A6DCF2FB2BAD1164006AA91A /* Release */,
			);
			defaultConfigurationIsVisible = 0;
			defaultConfigurationName = Release;
		};
/* End XCConfigurationList section */
	};
	rootObject = A6DCF2C42BAD1163006AA91A /* Project object */;
}
